
Microsoft Visual Studio Solution File, Format Version 12.00
# Visual Studio Version 17
VisualStudioVersion = 17.7.34221.43
MinimumVisualStudioVersion = 10.0.40219.1
Project("{9A19103F-16F7-4668-BE54-9A1E7A4F7556}") = "DonFlorito", "DonFlorito.csproj", "{42712126-8235-4DCE-945B-124A6CCDA536}"
EndProject
Global
	GlobalSection(SolutionConfigurationPlatforms) = preSolution
		Debug|Any CPU = Debug|Any CPU
		Release|Any CPU = Release|Any CPU
	EndGlobalSection
	GlobalSection(ProjectConfigurationPlatforms) = postSolution
		{42712126-8235-4DCE-945B-124A6CCDA536}.Debug|Any CPU.ActiveCfg = Debug|Any CPU
		{42712126-8235-4DCE-945B-124A6CCDA536}.Debug|Any CPU.Build.0 = Debug|Any CPU
		{42712126-8235-4DCE-945B-124A6CCDA536}.Release|Any CPU.ActiveCfg = Release|Any CPU
		{42712126-8235-4DCE-945B-124A6CCDA536}.Release|Any CPU.Build.0 = Release|Any CPU
	EndGlobalSection
	GlobalSection(SolutionProperties) = preSolution
		HideSolutionNode = FALSE
	EndGlobalSection
	GlobalSection(ExtensibilityGlobals) = postSolution
		SolutionGuid = {88E0E498-0AF1-4EF5-94A3-2D0EC18ADC78}
	EndGlobalSection
EndGlobal
